
Microsoft Visual Studio Solution File, Format Version 12.00
Project("{FAE04EC0-301F-11D3-BF4B-00C04F79EFBC}") = "DataGenUI", "DataGenUI\DataGenUI.csproj", "{4780A50E-BD45-4B74-AC37-8E873CE3114B}"
EndProject
Global
	GlobalSection(SolutionConfigurationPlatforms) = preSolution
		Debug|Any CPU = Debug|Any CPU
		Release|Any CPU = Release|Any CPU
	EndGlobalSection
	GlobalSection(ProjectConfigurationPlatforms) = postSolution
		{4780A50E-BD45-4B74-AC37-8E873CE3114B}.Debug|Any CPU.ActiveCfg = Debug|Any CPU
		{4780A50E-BD45-4B74-AC37-8E873CE3114B}.Debug|Any CPU.Build.0 = Debug|Any CPU
		{4780A50E-BD45-4B74-AC37-8E873CE3114B}.Release|Any CPU.ActiveCfg = Release|Any CPU
		{4780A50E-BD45-4B74-AC37-8E873CE3114B}.Release|Any CPU.Build.0 = Release|Any CPU
	EndGlobalSection
EndGlobal
